
Microsoft Visual Studio Solution File, Format Version 12.00
# Visual Studio Version 16
VisualStudioVersion = 16.0.29905.134
MinimumVisualStudioVersion = 10.0.40219.1
Project("{9A19103F-16F7-4668-BE54-9A1E7A4F7556}") = "Cinema.Web", "Cinema.Web\Cinema.Web.csproj", "{FAE306AD-109E-4144-A3CE-5A6CA30080C2}"
EndProject
Project("{FAE04EC0-301F-11D3-BF4B-00C04F79EFBC}") = "Cinema.Persistence", "Cinema.Persistence\Cinema.Persistence.csproj", "{E9747A2E-3765-4D36-A767-20D2E6D3ECB6}"
EndProject
Project("{FAE04EC0-301F-11D3-BF4B-00C04F79EFBC}") = "Cinema.WebApi", "Cinema.WebApi\Cinema.WebApi.csproj", "{0E33166A-D5C5-4FE3-A4AB-AD8513959F17}"
EndProject
Project("{FAE04EC0-301F-11D3-BF4B-00C04F79EFBC}") = "Cinema.Desktop", "Cinema.Desktop\Cinema.Desktop.csproj", "{99A4DD8C-D001-415A-A9E8-3770354341AD}"
EndProject
Project("{FAE04EC0-301F-11D3-BF4B-00C04F79EFBC}") = "Cinema.WebApi.Tests", "Cinema.WebApi.Tests\Cinema.WebApi.Tests.csproj", "{DABEF258-3DF3-4204-A799-ECAFFDA7944C}"
EndProject
Global
	GlobalSection(SolutionConfigurationPlatforms) = preSolution
		Debug|Any CPU = Debug|Any CPU
		Release|Any CPU = Release|Any CPU
	EndGlobalSection
	GlobalSection(ProjectConfigurationPlatforms) = postSolution
		{FAE306AD-109E-4144-A3CE-5A6CA30080C2}.Debug|Any CPU.ActiveCfg = Debug|Any CPU
		{FAE306AD-109E-4144-A3CE-5A6CA30080C2}.Debug|Any CPU.Build.0 = Debug|Any CPU
		{FAE306AD-109E-4144-A3CE-5A6CA30080C2}.Release|Any CPU.ActiveCfg = Release|Any CPU
		{FAE306AD-109E-4144-A3CE-5A6CA30080C2}.Release|Any CPU.Build.0 = Release|Any CPU
		{E9747A2E-3765-4D36-A767-20D2E6D3ECB6}.Debug|Any CPU.ActiveCfg = Debug|Any CPU
		{E9747A2E-3765-4D36-A767-20D2E6D3ECB6}.Debug|Any CPU.Build.0 = Debug|Any CPU
		{E9747A2E-3765-4D36-A767-20D2E6D3ECB6}.Release|Any CPU.ActiveCfg = Release|Any CPU
		{E9747A2E-3765-4D36-A767-20D2E6D3ECB6}.Release|Any CPU.Build.0 = Release|Any CPU
		{0E33166A-D5C5-4FE3-A4AB-AD8513959F17}.Debug|Any CPU.ActiveCfg = Debug|Any CPU
		{0E33166A-D5C5-4FE3-A4AB-AD8513959F17}.Debug|Any CPU.Build.0 = Debug|Any CPU
		{0E33166A-D5C5-4FE3-A4AB-AD8513959F17}.Release|Any CPU.ActiveCfg = Release|Any CPU
		{0E33166A-D5C5-4FE3-A4AB-AD8513959F17}.Release|Any CPU.Build.0 = Release|Any CPU
		{99A4DD8C-D001-415A-A9E8-3770354341AD}.Debug|Any CPU.ActiveCfg = Debug|Any CPU
		{99A4DD8C-D001-415A-A9E8-3770354341AD}.Debug|Any CPU.Build.0 = Debug|Any CPU
		{99A4DD8C-D001-415A-A9E8-3770354341AD}.Release|Any CPU.ActiveCfg = Release|Any CPU
		{99A4DD8C-D001-415A-A9E8-3770354341AD}.Release|Any CPU.Build.0 = Release|Any CPU
		{DABEF258-3DF3-4204-A799-ECAFFDA7944C}.Debug|Any CPU.ActiveCfg = Debug|Any CPU
		{DABEF258-3DF3-4204-A799-ECAFFDA7944C}.Debug|Any CPU.Build.0 = Debug|Any CPU
		{DABEF258-3DF3-4204-A799-ECAFFDA7944C}.Release|Any CPU.ActiveCfg = Release|Any CPU
		{DABEF258-3DF3-4204-A799-ECAFFDA7944C}.Release|Any CPU.Build.0 = Release|Any CPU
	EndGlobalSection
	GlobalSection(SolutionProperties) = preSolution
		HideSolutionNode = FALSE
	EndGlobalSection
	GlobalSection(ExtensibilityGlobals) = postSolution
		SolutionGuid = {E61AC078-8725-4980-A993-90D9D36781A6}
	EndGlobalSection
EndGlobal
